{
  "name": "server",
  "lockfileVersion": 3,
  "requires": true,
  "packages": {
    "": {
      "dependencies": {
        "nexuschat": "file:../../.."
      }
    },
    "../../..": {
      "name": "nexuschat",
      "version": "1.0.0",
      "devDependencies": {
        "concurrently": "^8.2.2"
      }
    },
    "node_modules/nexuschat": {
      "resolved": "../../..",
      "link": true
    }
  }
}
